
Microsoft Visual Studio Solution File, Format Version 12.00
# Visual Studio Version 17
VisualStudioVersion = 17.9.34728.123
MinimumVisualStudioVersion = 10.0.40219.1
Project("{FAE04EC0-301F-11D3-BF4B-00C04F79EFBC}") = "EjercicioClase", "EjercicioClase.csproj", "{DDD9B9B4-04DD-4597-801F-F64779DC51FF}"
EndProject
Global
	GlobalSection(SolutionConfigurationPlatforms) = preSolution
		Debug|Any CPU = Debug|Any CPU
		Release|Any CPU = Release|Any CPU
	EndGlobalSection
	GlobalSection(ProjectConfigurationPlatforms) = postSolution
		{DDD9B9B4-04DD-4597-801F-F64779DC51FF}.Debug|Any CPU.ActiveCfg = Debug|Any CPU
		{DDD9B9B4-04DD-4597-801F-F64779DC51FF}.Debug|Any CPU.Build.0 = Debug|Any CPU
		{DDD9B9B4-04DD-4597-801F-F64779DC51FF}.Release|Any CPU.ActiveCfg = Release|Any CPU
		{DDD9B9B4-04DD-4597-801F-F64779DC51FF}.Release|Any CPU.Build.0 = Release|Any CPU
	EndGlobalSection
	GlobalSection(SolutionProperties) = preSolution
		HideSolutionNode = FALSE
	EndGlobalSection
	GlobalSection(ExtensibilityGlobals) = postSolution
		SolutionGuid = {962F5F04-5F68-42F8-BA87-B8F1DF6003B2}
	EndGlobalSection
EndGlobal
